// !$*UTF8*$!
{
	archiveVersion = 1;
	classes = {
	};
	objectVersion = 50;
	objects = {

/* Begin PBXBuildFile section */
		EAB77A4924563D1C00904ECD /* AppDelegate.swift in Sources */ = {isa = PBXBuildFile; fileRef = EAB77A4824563D1C00904ECD /* AppDelegate.swift */; };
		EAB77A4B24563D1C00904ECD /* SceneDelegate.swift in Sources */ = {isa = PBXBuildFile; fileRef = EAB77A4A24563D1C00904ECD /* SceneDelegate.swift */; };
		EAB77A4D24563D1C00904ECD /* ViewController.swift in Sources */ = {isa = PBXBuildFile; fileRef = EAB77A4C24563D1C00904ECD /* ViewController.swift */; };
		EAB77A5024563D1C00904ECD /* Main.storyboard in Resources */ = {isa = PBXBuildFile; fileRef = EAB77A4E24563D1C00904ECD /* Main.storyboard */; };
		EAB77A5324563D1C00904ECD /* TravelBook.xcdatamodeld in Sources */ = {isa = PBXBuildFile; fileRef = EAB77A5124563D1C00904ECD /* TravelBook.xcdatamodeld */; };
		EAB77A5524563D2000904ECD /* Assets.xcassets in Resources */ = {isa = PBXBuildFile; fileRef = EAB77A5424563D2000904ECD /* Assets.xcassets */; };
		EAB77A5824563D2000904ECD /* LaunchScreen.storyboard in Resources */ = {isa = PBXBuildFile; fileRef = EAB77A5624563D2000904ECD /* LaunchScreen.storyboard */; };
		EAB77A60245670E100904ECD /* listViewController.swift in Sources */ = {isa = PBXBuildFile; fileRef = EAB77A5F245670E100904ECD /* listViewController.swift */; };
/* End PBXBuildFile section */

/* Begin PBXFileReference section */
		EAB77A4524563D1C00904ECD /* TravelBook.app */ = {isa = PBXFileReference; explicitFileType = wrapper.application; includeInIndex = 0; path = TravelBook.app; sourceTree = BUILT_PRODUCTS_DIR; };
		EAB77A4824563D1C00904ECD /* AppDelegate.swift */ = {isa = PBXFileReference; lastKnownFileType = sourcecode.swift; path = AppDelegate.swift; sourceTree = "<group>"; };
		EAB77A4A24563D1C00904ECD /* SceneDelegate.swift */ = {isa = PBXFileReference; lastKnownFileType = sourcecode.swift; path = SceneDelegate.swift; sourceTree = "<group>"; };
		EAB77A4C24563D1C00904ECD /* ViewController.swift */ = {isa = PBXFileReference; lastKnownFileType = sourcecode.swift; path = ViewController.swift; sourceTree = "<group>"; };
		EAB77A4F24563D1C00904ECD /* Base */ = {isa = PBXFileReference; lastKnownFileType = file.storyboard; name = Base; path = Base.lproj/Main.storyboard; sourceTree = "<group>"; };
		EAB77A5224563D1C00904ECD /* TravelBook.xcdatamodel */ = {isa = PBXFileReference; lastKnownFileType = wrapper.xcdatamodel; path = TravelBook.xcdatamodel; sourceTree = "<group>"; };
		EAB77A5424563D2000904ECD /* Assets.xcassets */ = {isa = PBXFileReference; lastKnownFileType = folder.assetcatalog; path = Assets.xcassets; sourceTree = "<group>"; };
		EAB77A5724563D2000904ECD /* Base */ = {isa = PBXFileReference; lastKnownFileType = file.storyboard; name = Base; path = Base.lproj/LaunchScreen.storyboard; sourceTree = "<group>"; };
		EAB77A5924563D2000904ECD /* Info.plist */ = {isa = PBXFileReference; lastKnownFileType = text.plist.xml; path = Info.plist; sourceTree = "<group>"; };
		EAB77A5F245670E100904ECD /* listViewController.swift */ = {isa = PBXFileReference; lastKnownFileType = sourcecode.swift; path = listViewController.swift; sourceTree = "<group>"; };
/* End PBXFileReference section */

/* Begin PBXFrameworksBuildPhase section */
		EAB77A4224563D1C00904ECD /* Frameworks */ = {
			isa = PBXFrameworksBuildPhase;
			buildActionMask = 2147483647;
			files = (
			);
			runOnlyForDeploymentPostprocessing = 0;
		};
/* End PBXFrameworksBuildPhase section */

/* Begin PBXGroup section */
		EAB77A3C24563D1C00904ECD = {
			isa = PBXGroup;
			children = (
				EAB77A4724563D1C00904ECD /* TravelBook */,
				EAB77A4624563D1C00904ECD /* Products */,
			);
			sourceTree = "<group>";
		};
		EAB77A4624563D1C00904ECD /* Products */ = {
			isa = PBXGroup;
			children = (
				EAB77A4524563D1C00904ECD /* TravelBook.app */,
			);
			name = Products;
			sourceTree = "<group>";
		};
		EAB77A4724563D1C00904ECD /* TravelBook */ = {
			isa = PBXGroup;
			children = (
				EAB77A4824563D1C00904ECD /* AppDelegate.swift */,
				EAB77A4A24563D1C00904ECD /* SceneDelegate.swift */,
				EAB77A4C24563D1C00904ECD /* ViewController.swift */,
				EAB77A4E24563D1C00904ECD /* Main.storyboard */,
				EAB77A5424563D2000904ECD /* Assets.xcassets */,
				EAB77A5624563D2000904ECD /* LaunchScreen.storyboard */,
				EAB77A5924563D2000904ECD /* Info.plist */,
				EAB77A5124563D1C00904ECD /* TravelBook.xcdatamodeld */,
				EAB77A5F245670E100904ECD /* listViewController.swift */,
			);
			path = TravelBook;
			sourceTree = "<group>";
		};
/* End PBXGroup section */

/* Begin PBXNativeTarget section */
		EAB77A4424563D1C00904ECD /* TravelBook */ = {
			isa = PBXNativeTarget;
			buildConfigurationList = EAB77A5C24563D2000904ECD /* Build configuration list for PBXNativeTarget "TravelBook" */;
			buildPhases = (
				EAB77A4124563D1C00904ECD /* Sources */,
				EAB77A4224563D1C00904ECD /* Frameworks */,
				EAB77A4324563D1C00904ECD /* Resources */,
			);
			buildRules = (
			);
			dependencies = (
			);
			name = TravelBook;
			productName = TravelBook;
			productReference = EAB77A4524563D1C00904ECD /* TravelBook.app */;
			productType = "com.apple.product-type.application";
		};
/* End PBXNativeTarget section */

/* Begin PBXProject section */
		EAB77A3D24563D1C00904ECD /* Project object */ = {
			isa = PBXProject;
			attributes = {
				LastSwiftUpdateCheck = 1140;
				LastUpgradeCheck = 1140;
				ORGANIZATIONNAME = "Oğuz Özgül";
				TargetAttributes = {
					EAB77A4424563D1C00904ECD = {
						CreatedOnToolsVersion = 11.4.1;
					};
				};
			};
			buildConfigurationList = EAB77A4024563D1C00904ECD /* Build configuration list for PBXProject "TravelBook" */;
			compatibilityVersion = "Xcode 9.3";
			developmentRegion = en;
			hasScannedForEncodings = 0;
			knownRegions = (
				en,
				Base,
			);
			mainGroup = EAB77A3C24563D1C00904ECD;
			productRefGroup = EAB77A4624563D1C00904ECD /* Products */;
			projectDirPath = "";
			projectRoot = "";
			targets = (
				EAB77A4424563D1C00904ECD /* TravelBook */,
			);
		};
/* End PBXProject section */

/* Begin PBXResourcesBuildPhase section */
		EAB77A4324563D1C00904ECD /* Resources */ = {
			isa = PBXResourcesBuildPhase;
			buildActionMask = 2147483647;
			files = (
				EAB77A5824563D2000904ECD /* LaunchScreen.storyboard in Resources */,
				EAB77A5524563D2000904ECD /* Assets.xcassets in Resources */,
				EAB77A5024563D1C00904ECD /* Main.storyboard in Resources */,
			);
			runOnlyForDeploymentPostprocessing = 0;
		};
/* End PBXResourcesBuildPhase section */

/* Begin PBXSourcesBuildPhase section */
		EAB77A4124563D1C00904ECD /* Sources */ = {
			isa = PBXSourcesBuildPhase;
			buildActionMask = 2147483647;
			files = (
				EAB77A5324563D1C00904ECD /* TravelBook.xcdatamodeld in Sources */,
				EAB77A60245670E100904ECD /* listViewController.swift in Sources */,
				EAB77A4D24563D1C00904ECD /* ViewController.swift in Sources */,
				EAB77A4924563D1C00904ECD /* AppDelegate.swift in Sources */,
				EAB77A4B24563D1C00904ECD /* SceneDelegate.swift in Sources */,
			);
			runOnlyForDeploymentPostprocessing = 0;
		};
/* End PBXSourcesBuildPhase section */

/* Begin PBXVariantGroup section */
		EAB77A4E24563D1C00904ECD /* Main.storyboard */ = {
			isa = PBXVariantGroup;
			children = (
				EAB77A4F24563D1C00904ECD /* Base */,
			);
			name = Main.storyboard;
			sourceTree = "<group>";
		};
		EAB77A5624563D2000904ECD /* LaunchScreen.storyboard */ = {
			isa = PBXVariantGroup;
			children = (
				EAB77A5724563D2000904ECD /* Base */,
			);
			name = LaunchScreen.storyboard;
			sourceTree = "<group>";
		};
/* End PBXVariantGroup section */

/* Begin XCBuildConfiguration section */
		EAB77A5A24563D2000904ECD /* Debug */ = {
			isa = XCBuildConfiguration;
			buildSettings = {
				ALWAYS_SEARCH_USER_PATHS = NO;
				CLANG_ANALYZER_NONNULL = YES;
				CLANG_ANALYZER_NUMBER_OBJECT_CONVERSION = YES_AGGRESSIVE;
				CLANG_CXX_LANGUAGE_STANDARD = "gnu++14";
				CLANG_CXX_LIBRARY = "libc++";
				CLANG_ENABLE_MODULES = YES;
				CLANG_ENABLE_OBJC_ARC = YES;
				CLANG_ENABLE_OBJC_WEAK = YES;
				CLANG_WARN_BLOCK_CAPTURE_AUTORELEASING = YES;
				CLANG_WARN_BOOL_CONVERSION = YES;
				CLANG_WARN_COMMA = YES;
				CLANG_WARN_CONSTANT_CONVERSION = YES;
				CLANG_WARN_DEPRECATED_OBJC_IMPLEMENTATIONS = YES;
				CLANG_WARN_DIRECT_OBJC_ISA_USAGE = YES_ERROR;
				CLANG_WARN_DOCUMENTATION_COMMENTS = YES;
				CLANG_WARN_EMPTY_BODY = YES;
				CLANG_WARN_ENUM_CONVERSION = YES;
				CLANG_WARN_INFINITE_RECURSION = YES;
				CLANG_WARN_INT_CONVERSION = YES;
				CLANG_WARN_NON_LITERAL_NULL_CONVERSION = YES;
				CLANG_WARN_OBJC_IMPLICIT_RETAIN_SELF = YES;
				CLANG_WARN_OBJC_LITERAL_CONVERSION = YES;
				CLANG_WARN_OBJC_ROOT_CLASS = YES_ERROR;
				CLANG_WARN_RANGE_LOOP_ANALYSIS = YES;
				CLANG_WARN_STRICT_PROTOTYPES = YES;
				CLANG_WARN_SUSPICIOUS_MOVE = YES;
				CLANG_WARN_UNGUARDED_AVAILABILITY = YES_AGGRESSIVE;
				CLANG_WARN_UNREACHABLE_CODE = YES;
				CLANG_WARN__DUPLICATE_METHOD_MATCH = YES;
				COPY_PHASE_STRIP = NO;
				DEBUG_INFORMATION_FORMAT = dwarf;
				ENABLE_STRICT_OBJC_MSGSEND = YES;
				ENABLE_TESTABILITY = YES;
				GCC_C_LANGUAGE_STANDARD = gnu11;
				GCC_DYNAMIC_NO_PIC = NO;
				GCC_NO_COMMON_BLOCKS = YES;
				GCC_OPTIMIZATION_LEVEL = 0;
				GCC_PREPROCESSOR_DEFINITIONS = (
					"DEBUG=1",
					"$(inherited)",
				);
				GCC_WARN_64_TO_32_BIT_CONVERSION = YES;
				GCC_WARN_ABOUT_RETURN_TYPE = YES_ERROR;
				GCC_WARN_UNDECLARED_SELECTOR = YES;
				GCC_WARN_UNINITIALIZED_AUTOS = YES_AGGRESSIVE;
				GCC_WARN_UNUSED_FUNCTION = YES;
				GCC_WARN_UNUSED_VARIABLE = YES;
				IPHONEOS_DEPLOYMENT_TARGET = 13.4;
				MTL_ENABLE_DEBUG_INFO = INCLUDE_SOURCE;
				MTL_FAST_MATH = YES;
				ONLY_ACTIVE_ARCH = YES;
				SDKROOT = iphoneos;
				SWIFT_ACTIVE_COMPILATION_CONDITIONS = DEBUG;
				SWIFT_OPTIMIZATION_LEVEL = "-Onone";
			};
			name = Debug;
		};
		EAB77A5B24563D2000904ECD /* Release */ = {
			isa = XCBuildConfiguration;
			buildSettings = {
				ALWAYS_SEARCH_USER_PATHS = NO;
				CLANG_ANALYZER_NONNULL = YES;
				CLANG_ANALYZER_NUMBER_OBJECT_CONVERSION = YES_AGGRESSIVE;
				CLANG_CXX_LANGUAGE_STANDARD = "gnu++14";
				CLANG_CXX_LIBRARY = "libc++";
				CLANG_ENABLE_MODULES = YES;
				CLANG_ENABLE_OBJC_ARC = YES;
				CLANG_ENABLE_OBJC_WEAK = YES;
				CLANG_WARN_BLOCK_CAPTURE_AUTORELEASING = YES;
				CLANG_WARN_BOOL_CONVERSION = YES;
				CLANG_WARN_COMMA = YES;
				CLANG_WARN_CONSTANT_CONVERSION = YES;
				CLANG_WARN_DEPRECATED_OBJC_IMPLEMENTATIONS = YES;
				CLANG_WARN_DIRECT_OBJC_ISA_USAGE = YES_ERROR;
				CLANG_WARN_DOCUMENTATION_COMMENTS = YES;
				CLANG_WARN_EMPTY_BODY = YES;
				CLANG_WARN_ENUM_CONVERSION = YES;
				CLANG_WARN_INFINITE_RECURSION = YES;
				CLANG_WARN_INT_CONVERSION = YES;
				CLANG_WARN_NON_LITERAL_NULL_CONVERSION = YES;
				CLANG_WARN_OBJC_IMPLICIT_RETAIN_SELF = YES;
				CLANG_WARN_OBJC_LITERAL_CONVERSION = YES;
				CLANG_WARN_OBJC_ROOT_CLASS = YES_ERROR;
				CLANG_WARN_RANGE_LOOP_ANALYSIS = YES;
				CLANG_WARN_STRICT_PROTOTYPES = YES;
				CLANG_WARN_SUSPICIOUS_MOVE = YES;
				CLANG_WARN_UNGUARDED_AVAILABILITY = YES_AGGRESSIVE;
				CLANG_WARN_UNREACHABLE_CODE = YES;
				CLANG_WARN__DUPLICATE_METHOD_MATCH = YES;
				COPY_PHASE_STRIP = NO;
				DEBUG_INFORMATION_FORMAT = "dwarf-with-dsym";
				ENABLE_NS_ASSERTIONS = NO;
				ENABLE_STRICT_OBJC_MSGSEND = YES;
				GCC_C_LANGUAGE_STANDARD = gnu11;
				GCC_NO_COMMON_BLOCKS = YES;
				GCC_WARN_64_TO_32_BIT_CONVERSION = YES;
				GCC_WARN_ABOUT_RETURN_TYPE = YES_ERROR;
				GCC_WARN_UNDECLARED_SELECTOR = YES;
				GCC_WARN_UNINITIALIZED_AUTOS = YES_AGGRESSIVE;
				GCC_WARN_UNUSED_FUNCTION = YES;
				GCC_WARN_UNUSED_VARIABLE = YES;
				IPHONEOS_DEPLOYMENT_TARGET = 13.4;
				MTL_ENABLE_DEBUG_INFO = NO;
				MTL_FAST_MATH = YES;
				SDKROOT = iphoneos;
				SWIFT_COMPILATION_MODE = wholemodule;
				SWIFT_OPTIMIZATION_LEVEL = "-O";
				VALIDATE_PRODUCT = YES;
			};
			name = Release;
		};
		EAB77A5D24563D2000904ECD /* Debug */ = {
			isa = XCBuildConfiguration;
			buildSettings = {
				ASSETCATALOG_COMPILER_APPICON_NAME = AppIcon;
				CODE_SIGN_STYLE = Automatic;
				DEVELOPMENT_TEAM = 535X49BKB7;
				INFOPLIST_FILE = TravelBook/Info.plist;
				LD_RUNPATH_SEARCH_PATHS = (
					"$(inherited)",
					"@executable_path/Frameworks",
				);
				PRODUCT_BUNDLE_IDENTIFIER = com.Projects.TravelBook;
				PRODUCT_NAME = "$(TARGET_NAME)";
				SWIFT_VERSION = 5.0;
				TARGETED_DEVICE_FAMILY = "1,2";
			};
			name = Debug;
		};
		EAB77A5E24563D2000904ECD /* Release */ = {
			isa = XCBuildConfiguration;
			buildSettings = {
				ASSETCATALOG_COMPILER_APPICON_NAME = AppIcon;
				CODE_SIGN_STYLE = Automatic;
				DEVELOPMENT_TEAM = 535X49BKB7;
				INFOPLIST_FILE = TravelBook/Info.plist;
				LD_RUNPATH_SEARCH_PATHS = (
					"$(inherited)",
					"@executable_path/Frameworks",
				);
				PRODUCT_BUNDLE_IDENTIFIER = com.Projects.TravelBook;
				PRODUCT_NAME = "$(TARGET_NAME)";
				SWIFT_VERSION = 5.0;
				TARGETED_DEVICE_FAMILY = "1,2";
			};
			name = Release;
		};
/* End XCBuildConfiguration section */

/* Begin XCConfigurationList section */
		EAB77A4024563D1C00904ECD /* Build configuration list for PBXProject "TravelBook" */ = {
			isa = XCConfigurationList;
			buildConfigurations = (
				EAB77A5A24563D2000904ECD /* Debug */,
				EAB77A5B24563D2000904ECD /* Release */,
			);
			defaultConfigurationIsVisible = 0;
			defaultConfigurationName = Release;
		};
		EAB77A5C24563D2000904ECD /* Build configuration list for PBXNativeTarget "TravelBook" */ = {
			isa = XCConfigurationList;
			buildConfigurations = (
				EAB77A5D24563D2000904ECD /* Debug */,
				EAB77A5E24563D2000904ECD /* Release */,
			);
			defaultConfigurationIsVisible = 0;
			defaultConfigurationName = Release;
		};
/* End XCConfigurationList section */

/* Begin XCVersionGroup section */
		EAB77A5124563D1C00904ECD /* TravelBook.xcdatamodeld */ = {
			isa = XCVersionGroup;
			children = (
				EAB77A5224563D1C00904ECD /* TravelBook.xcdatamodel */,
			);
			currentVersion = EAB77A5224563D1C00904ECD /* TravelBook.xcdatamodel */;
			path = TravelBook.xcdatamodeld;
			sourceTree = "<group>";
			versionGroupType = wrapper.xcdatamodel;
		};
/* End XCVersionGroup section */
	};
	rootObject = EAB77A3D24563D1C00904ECD /* Project object */;
}
